
Microsoft Visual Studio Solution File, Format Version 12.00
# Visual Studio Version 16
VisualStudioVersion = 16.0.31624.102
MinimumVisualStudioVersion = 10.0.40219.1
Project("{9A19103F-16F7-4668-BE54-9A1E7A4F7556}") = "FoodWaste", "FoodWaste\FoodWaste.csproj", "{73DF5DF0-0B04-4D51-B25C-CBD2CD7862AF}"
EndProject
Global
	GlobalSection(SolutionConfigurationPlatforms) = preSolution
		Debug|Any CPU = Debug|Any CPU
		Release|Any CPU = Release|Any CPU
	EndGlobalSection
	GlobalSection(ProjectConfigurationPlatforms) = postSolution
		{73DF5DF0-0B04-4D51-B25C-CBD2CD7862AF}.Debug|Any CPU.ActiveCfg = Debug|Any CPU
		{73DF5DF0-0B04-4D51-B25C-CBD2CD7862AF}.Debug|Any CPU.Build.0 = Debug|Any CPU
		{73DF5DF0-0B04-4D51-B25C-CBD2CD7862AF}.Release|Any CPU.ActiveCfg = Release|Any CPU
		{73DF5DF0-0B04-4D51-B25C-CBD2CD7862AF}.Release|Any CPU.Build.0 = Release|Any CPU
	EndGlobalSection
	GlobalSection(SolutionProperties) = preSolution
		HideSolutionNode = FALSE
	EndGlobalSection
	GlobalSection(ExtensibilityGlobals) = postSolution
		SolutionGuid = {7C8D0455-871B-4649-AE1F-A0B433C06110}
	EndGlobalSection
EndGlobal
